
Microsoft Visual Studio Solution File, Format Version 12.00
# Visual Studio Version 17
VisualStudioVersion = 17.2.32630.192
MinimumVisualStudioVersion = 10.0.40219.1
Project("{9A19103F-16F7-4668-BE54-9A1E7A4F7556}") = "AccountMerger.Application", "AccountMerger.Application\AccountMerger.Application.csproj", "{F90C7E28-436B-4B67-8B90-DF0ABDFDE406}"
EndProject
Project("{9A19103F-16F7-4668-BE54-9A1E7A4F7556}") = "AccountMerger.Library", "AccountMerger.Library\AccountMerger.Library.csproj", "{7028A2B0-C5B2-400F-BFA3-EE2E5192ECC6}"
EndProject
Project("{9A19103F-16F7-4668-BE54-9A1E7A4F7556}") = "AccountMerger.UnitTests", "AccountMerger.UnitTests\AccountMerger.UnitTests.csproj", "{E077A05F-47F7-47A2-95E0-FBD274389063}"
EndProject
Project("{2150E333-8FDC-42A3-9474-1A3956D46DE8}") = "Solution Items", "Solution Items", "{823458D4-DB3C-4729-91B8-A842BFAC30A4}"
	ProjectSection(SolutionItems) = preProject
		README.md = README.md
	EndProjectSection
EndProject
Global
	GlobalSection(SolutionConfigurationPlatforms) = preSolution
		Debug|Any CPU = Debug|Any CPU
		Release|Any CPU = Release|Any CPU
	EndGlobalSection
	GlobalSection(ProjectConfigurationPlatforms) = postSolution
		{F90C7E28-436B-4B67-8B90-DF0ABDFDE406}.Debug|Any CPU.ActiveCfg = Debug|Any CPU
		{F90C7E28-436B-4B67-8B90-DF0ABDFDE406}.Debug|Any CPU.Build.0 = Debug|Any CPU
		{F90C7E28-436B-4B67-8B90-DF0ABDFDE406}.Release|Any CPU.ActiveCfg = Release|Any CPU
		{F90C7E28-436B-4B67-8B90-DF0ABDFDE406}.Release|Any CPU.Build.0 = Release|Any CPU
		{7028A2B0-C5B2-400F-BFA3-EE2E5192ECC6}.Debug|Any CPU.ActiveCfg = Debug|Any CPU
		{7028A2B0-C5B2-400F-BFA3-EE2E5192ECC6}.Debug|Any CPU.Build.0 = Debug|Any CPU
		{7028A2B0-C5B2-400F-BFA3-EE2E5192ECC6}.Release|Any CPU.ActiveCfg = Release|Any CPU
		{7028A2B0-C5B2-400F-BFA3-EE2E5192ECC6}.Release|Any CPU.Build.0 = Release|Any CPU
		{E077A05F-47F7-47A2-95E0-FBD274389063}.Debug|Any CPU.ActiveCfg = Debug|Any CPU
		{E077A05F-47F7-47A2-95E0-FBD274389063}.Debug|Any CPU.Build.0 = Debug|Any CPU
		{E077A05F-47F7-47A2-95E0-FBD274389063}.Release|Any CPU.ActiveCfg = Release|Any CPU
		{E077A05F-47F7-47A2-95E0-FBD274389063}.Release|Any CPU.Build.0 = Release|Any CPU
	EndGlobalSection
	GlobalSection(SolutionProperties) = preSolution
		HideSolutionNode = FALSE
	EndGlobalSection
	GlobalSection(ExtensibilityGlobals) = postSolution
		SolutionGuid = {14F7C4B4-D518-4411-9747-89D443AA0E95}
	EndGlobalSection
EndGlobal
